{
  "originHash" : "bcd5c933b6f786d7425ceb4c7ef5a64955c838501510e8643c9a2f234c0d6f27",
  "pins" : [
    {
      "identity" : "animatedtabbar",
      "kind" : "remoteSourceControl",
      "location" : "https://github.com/exyte/AnimatedTabBar",
      "state" : {
        "revision" : "f5f342227283e76c7b49371e735516bac3caef68",
        "version" : "0.1.2"
      }
    },
    {
      "identity" : "onboardingkit",
      "kind" : "remoteSourceControl",
      "location" : "https://github.com/danielsaidi/OnboardingKit",
      "state" : {
        "revision" : "dc49c16deb4c944abecfe0837ab59640ef94a7db",
        "version" : "8.0.0"
      }
    },
    {
      "identity" : "popupview",
      "kind" : "remoteSourceControl",
      "location" : "https://github.com/exyte/PopupView.git",
      "state" : {
        "revision" : "397b9f2c6675b27cdc94814e9ec388b132b453d5",
        "version" : "2.9.2"
      }
    },
    {
      "identity" : "swiftui-introspect",
      "kind" : "remoteSourceControl",
      "location" : "https://github.com/siteline/swiftui-introspect",
      "state" : {
        "revision" : "7dc5b287f8040e4ad5038739850b758e78f77808",
        "version" : "1.1.4"
      }
    },
    {
      "identity" : "swiftui-markdown",
      "kind" : "remoteSourceControl",
      "location" : "https://github.com/jaywcjlove/swiftui-markdown",
      "state" : {
        "branch" : "main",
        "revision" : "c7e1dd8226cd788a4dd5c654b98e672916c9e96d"
      }
    }
  ],
  "version" : 3
}
