{
  "originHash" : "1ac91bef67409705295b2d25d98621a0a05acc13116b6b4a5399e18a048a89d1",
  "pins" : [
    {
      "identity" : "animatedtabbar",
      "kind" : "remoteSourceControl",
      "location" : "https://github.com/exyte/AnimatedTabBar",
      "state" : {
        "revision" : "f5f342227283e76c7b49371e735516bac3caef68",
        "version" : "0.1.2"
      }
    },
    {
      "identity" : "neumorphic",
      "kind" : "remoteSourceControl",
      "location" : "https://github.com/costachung/neumorphic",
      "state" : {
        "branch" : "master",
        "revision" : "03c6f7b3d27bfb28a082db2e9ffae45fbc69cb8b"
      }
    },
    {
      "identity" : "popupview",
      "kind" : "remoteSourceControl",
      "location" : "https://github.com/exyte/PopupView.git",
      "state" : {
        "revision" : "397b9f2c6675b27cdc94814e9ec388b132b453d5",
        "version" : "2.9.2"
      }
    },
    {
      "identity" : "swiftui-introspect",
      "kind" : "remoteSourceControl",
      "location" : "https://github.com/siteline/swiftui-introspect",
      "state" : {
        "revision" : "7dc5b287f8040e4ad5038739850b758e78f77808",
        "version" : "1.1.4"
      }
    },
    {
      "identity" : "swiftui-markdown",
      "kind" : "remoteSourceControl",
      "location" : "https://github.com/jaywcjlove/swiftui-markdown",
      "state" : {
        "branch" : "main",
        "revision" : "c7e1dd8226cd788a4dd5c654b98e672916c9e96d"
      }
    }
  ],
  "version" : 3
}
