// !$*UTF8*$!
{
	archiveVersion = 1;
	classes = {
	};
	objectVersion = 56;
	objects = {

/* Begin PBXBuildFile section */
		14057B592BE1DC10000CBD8B /* RectModifierView.swift in Sources */ = {isa = PBXBuildFile; fileRef = 14057B582BE1DC10000CBD8B /* RectModifierView.swift */; };
		140CF2552C0188D700D8A9B7 /* PopupView in Frameworks */ = {isa = PBXBuildFile; productRef = 140CF2542C0188D700D8A9B7 /* PopupView */; };
		140CF2572C018EE100D8A9B7 /* PopUpsViews.swift in Sources */ = {isa = PBXBuildFile; fileRef = 140CF2562C018EE100D8A9B7 /* PopUpsViews.swift */; };
		140CF25C2C01AAC500D8A9B7 /* Launch Screen.storyboard in Resources */ = {isa = PBXBuildFile; fileRef = 140CF25B2C01AAC500D8A9B7 /* Launch Screen.storyboard */; };
		140D39D92BD93FF00036DBAE /* TimeliApp.swift in Sources */ = {isa = PBXBuildFile; fileRef = 140D39D82BD93FF00036DBAE /* TimeliApp.swift */; };
		140D39DD2BD93FF10036DBAE /* Assets.xcassets in Resources */ = {isa = PBXBuildFile; fileRef = 140D39DC2BD93FF10036DBAE /* Assets.xcassets */; };
		140D39E12BD93FF10036DBAE /* Preview Assets.xcassets in Resources */ = {isa = PBXBuildFile; fileRef = 140D39E02BD93FF10036DBAE /* Preview Assets.xcassets */; };
		140D39E82BD9406E0036DBAE /* NotesModel.swift in Sources */ = {isa = PBXBuildFile; fileRef = 140D39E72BD9406E0036DBAE /* NotesModel.swift */; };
		140D39EA2BD940A00036DBAE /* NotesView.swift in Sources */ = {isa = PBXBuildFile; fileRef = 140D39E92BD940A00036DBAE /* NotesView.swift */; };
		140D39F22BD941960036DBAE /* ToDoView.swift in Sources */ = {isa = PBXBuildFile; fileRef = 140D39F12BD941960036DBAE /* ToDoView.swift */; };
		140D39F52BD943010036DBAE /* Markdown in Frameworks */ = {isa = PBXBuildFile; productRef = 140D39F42BD943010036DBAE /* Markdown */; };
		140D39F72BD94BB90036DBAE /* RemindersView.swift in Sources */ = {isa = PBXBuildFile; fileRef = 140D39F62BD94BB90036DBAE /* RemindersView.swift */; };
		140D39F92BD94C100036DBAE /* SettingsView.swift in Sources */ = {isa = PBXBuildFile; fileRef = 140D39F82BD94C100036DBAE /* SettingsView.swift */; };
		14175BE72BE0289800F775A7 /* RemindersModel.swift in Sources */ = {isa = PBXBuildFile; fileRef = 14175BE62BE0289800F775A7 /* RemindersModel.swift */; };
		14175BE92BE02AEE00F775A7 /* NewReminderView.swift in Sources */ = {isa = PBXBuildFile; fileRef = 14175BE82BE02AEE00F775A7 /* NewReminderView.swift */; };
		14175BEB2BE02F9E00F775A7 /* ReminderItemView.swift in Sources */ = {isa = PBXBuildFile; fileRef = 14175BEA2BE02F9E00F775A7 /* ReminderItemView.swift */; };
		142550042C065F0F00880B65 /* Rosmatika.ttf in Resources */ = {isa = PBXBuildFile; fileRef = 142550032C064E6D00880B65 /* Rosmatika.ttf */; };
		14C9BA952BFFD03100ECEBA9 /* Tips.swift in Sources */ = {isa = PBXBuildFile; fileRef = 14C9BA942BFFD03100ECEBA9 /* Tips.swift */; };
		14DF95042BDB02450091CFAF /* NewToDoItemView.swift in Sources */ = {isa = PBXBuildFile; fileRef = 14DF95032BDB02450091CFAF /* NewToDoItemView.swift */; };
		14DF95062BDB02520091CFAF /* ToDoItemView.swift in Sources */ = {isa = PBXBuildFile; fileRef = 14DF95052BDB02520091CFAF /* ToDoItemView.swift */; };
		14E9CAF92C0A32C2001E1195 /* WidgetKit.framework in Frameworks */ = {isa = PBXBuildFile; fileRef = 14675A0C2BEAB11B00F08B7D /* WidgetKit.framework */; };
		14E9CAFA2C0A32C2001E1195 /* SwiftUI.framework in Frameworks */ = {isa = PBXBuildFile; fileRef = 14675A0E2BEAB11B00F08B7D /* SwiftUI.framework */; };
		14E9CAFF2C0A32C2001E1195 /* WidgetReminders.swift in Sources */ = {isa = PBXBuildFile; fileRef = 14E9CAFE2C0A32C2001E1195 /* WidgetReminders.swift */; };
		14E9CB012C0A32C4001E1195 /* Assets.xcassets in Resources */ = {isa = PBXBuildFile; fileRef = 14E9CB002C0A32C4001E1195 /* Assets.xcassets */; };
		14E9CB052C0A32C4001E1195 /* WidgetRemindersExtension.appex in Embed Foundation Extensions */ = {isa = PBXBuildFile; fileRef = 14E9CAF82C0A32C2001E1195 /* WidgetRemindersExtension.appex */; settings = {ATTRIBUTES = (RemoveHeadersOnCopy, ); }; };
		14E9CB092C0A32EE001E1195 /* RemindersModel.swift in Sources */ = {isa = PBXBuildFile; fileRef = 14175BE62BE0289800F775A7 /* RemindersModel.swift */; };
		14E9CB0D2C0A330E001E1195 /* WidgetRemindersBundle.swift in Sources */ = {isa = PBXBuildFile; fileRef = 14E9CAFC2C0A32C2001E1195 /* WidgetRemindersBundle.swift */; };
		14F81F1E2C00118600DD93AB /* AnimatedTabBar in Frameworks */ = {isa = PBXBuildFile; productRef = 14F81F1D2C00118600DD93AB /* AnimatedTabBar */; };
		14F81F232C00182800DD93AB /* TabBarButton.swift in Sources */ = {isa = PBXBuildFile; fileRef = 14F81F222C00182800DD93AB /* TabBarButton.swift */; };
		6E38E9DA2BF97AD50032A78E /* NoteFileListView.swift in Sources */ = {isa = PBXBuildFile; fileRef = 6E38E9D92BF97AD50032A78E /* NoteFileListView.swift */; };
/* End PBXBuildFile section */

/* Begin PBXContainerItemProxy section */
		14E9CB032C0A32C4001E1195 /* PBXContainerItemProxy */ = {
			isa = PBXContainerItemProxy;
			containerPortal = 140D39CD2BD93FF00036DBAE /* Project object */;
			proxyType = 1;
			remoteGlobalIDString = 14E9CAF72C0A32C2001E1195;
			remoteInfo = WidgetRemindersExtension;
		};
/* End PBXContainerItemProxy section */

/* Begin PBXCopyFilesBuildPhase section */
		14675A222BEAB11C00F08B7D /* Embed Foundation Extensions */ = {
			isa = PBXCopyFilesBuildPhase;
			buildActionMask = 2147483647;
			dstPath = "";
			dstSubfolderSpec = 13;
			files = (
				14E9CB052C0A32C4001E1195 /* WidgetRemindersExtension.appex in Embed Foundation Extensions */,
			);
			name = "Embed Foundation Extensions";
			runOnlyForDeploymentPostprocessing = 0;
		};
		8481A74D2C066CE5001BB6A4 /* Embed Watch Content */ = {
			isa = PBXCopyFilesBuildPhase;
			buildActionMask = 2147483647;
			dstPath = "$(CONTENTS_FOLDER_PATH)/Watch";
			dstSubfolderSpec = 16;
			files = (
			);
			name = "Embed Watch Content";
			runOnlyForDeploymentPostprocessing = 0;
		};
/* End PBXCopyFilesBuildPhase section */

/* Begin PBXFileReference section */
		0E8D3E062C0E5DAB00E3CAE2 /* WidgetRemindersExtensionDebug.entitlements */ = {isa = PBXFileReference; lastKnownFileType = text.plist.entitlements; path = WidgetRemindersExtensionDebug.entitlements; sourceTree = "<group>"; };
		0E8D3E072C0E5DB400E3CAE2 /* WidgetRemindersExtension.entitlements */ = {isa = PBXFileReference; lastKnownFileType = text.plist.entitlements; path = WidgetRemindersExtension.entitlements; sourceTree = "<group>"; };
		14057B582BE1DC10000CBD8B /* RectModifierView.swift */ = {isa = PBXFileReference; lastKnownFileType = sourcecode.swift; path = RectModifierView.swift; sourceTree = "<group>"; };
		140CF2562C018EE100D8A9B7 /* PopUpsViews.swift */ = {isa = PBXFileReference; lastKnownFileType = sourcecode.swift; path = PopUpsViews.swift; sourceTree = "<group>"; };
		140CF25B2C01AAC500D8A9B7 /* Launch Screen.storyboard */ = {isa = PBXFileReference; lastKnownFileType = file.storyboard; path = "Launch Screen.storyboard"; sourceTree = "<group>"; };
		140D39D52BD93FF00036DBAE /* Timeli.app */ = {isa = PBXFileReference; explicitFileType = wrapper.application; includeInIndex = 0; path = Timeli.app; sourceTree = BUILT_PRODUCTS_DIR; };
		140D39D82BD93FF00036DBAE /* TimeliApp.swift */ = {isa = PBXFileReference; lastKnownFileType = sourcecode.swift; path = TimeliApp.swift; sourceTree = "<group>"; };
		140D39DC2BD93FF10036DBAE /* Assets.xcassets */ = {isa = PBXFileReference; lastKnownFileType = folder.assetcatalog; path = Assets.xcassets; sourceTree = "<group>"; };
		140D39DE2BD93FF10036DBAE /* Timeli.entitlements */ = {isa = PBXFileReference; lastKnownFileType = text.plist.entitlements; path = Timeli.entitlements; sourceTree = "<group>"; };
		140D39E02BD93FF10036DBAE /* Preview Assets.xcassets */ = {isa = PBXFileReference; lastKnownFileType = folder.assetcatalog; path = "Preview Assets.xcassets"; sourceTree = "<group>"; };
		140D39E72BD9406E0036DBAE /* NotesModel.swift */ = {isa = PBXFileReference; lastKnownFileType = sourcecode.swift; path = NotesModel.swift; sourceTree = "<group>"; };
		140D39E92BD940A00036DBAE /* NotesView.swift */ = {isa = PBXFileReference; lastKnownFileType = sourcecode.swift; path = NotesView.swift; sourceTree = "<group>"; };
		140D39F12BD941960036DBAE /* ToDoView.swift */ = {isa = PBXFileReference; lastKnownFileType = sourcecode.swift; path = ToDoView.swift; sourceTree = "<group>"; };
		140D39F62BD94BB90036DBAE /* RemindersView.swift */ = {isa = PBXFileReference; lastKnownFileType = sourcecode.swift; path = RemindersView.swift; sourceTree = "<group>"; };
		140D39F82BD94C100036DBAE /* SettingsView.swift */ = {isa = PBXFileReference; lastKnownFileType = sourcecode.swift; path = SettingsView.swift; sourceTree = "<group>"; };
		14175BE62BE0289800F775A7 /* RemindersModel.swift */ = {isa = PBXFileReference; lastKnownFileType = sourcecode.swift; path = RemindersModel.swift; sourceTree = "<group>"; };
		14175BE82BE02AEE00F775A7 /* NewReminderView.swift */ = {isa = PBXFileReference; lastKnownFileType = sourcecode.swift; path = NewReminderView.swift; sourceTree = "<group>"; };
		14175BEA2BE02F9E00F775A7 /* ReminderItemView.swift */ = {isa = PBXFileReference; lastKnownFileType = sourcecode.swift; path = ReminderItemView.swift; sourceTree = "<group>"; };
		142550022C064DF100880B65 /* Info.plist */ = {isa = PBXFileReference; lastKnownFileType = text.plist; path = Info.plist; sourceTree = "<group>"; };
		142550032C064E6D00880B65 /* Rosmatika.ttf */ = {isa = PBXFileReference; lastKnownFileType = file; path = Rosmatika.ttf; sourceTree = "<group>"; };
		14675A0C2BEAB11B00F08B7D /* WidgetKit.framework */ = {isa = PBXFileReference; lastKnownFileType = wrapper.framework; name = WidgetKit.framework; path = System/Library/Frameworks/WidgetKit.framework; sourceTree = SDKROOT; };
		14675A0E2BEAB11B00F08B7D /* SwiftUI.framework */ = {isa = PBXFileReference; lastKnownFileType = wrapper.framework; name = SwiftUI.framework; path = System/Library/Frameworks/SwiftUI.framework; sourceTree = SDKROOT; };
		14C9BA942BFFD03100ECEBA9 /* Tips.swift */ = {isa = PBXFileReference; lastKnownFileType = sourcecode.swift; path = Tips.swift; sourceTree = "<group>"; };
		14DF95032BDB02450091CFAF /* NewToDoItemView.swift */ = {isa = PBXFileReference; lastKnownFileType = sourcecode.swift; path = NewToDoItemView.swift; sourceTree = "<group>"; };
		14DF95052BDB02520091CFAF /* ToDoItemView.swift */ = {isa = PBXFileReference; lastKnownFileType = sourcecode.swift; path = ToDoItemView.swift; sourceTree = "<group>"; };
		14E9CAF82C0A32C2001E1195 /* WidgetRemindersExtension.appex */ = {isa = PBXFileReference; explicitFileType = "wrapper.app-extension"; includeInIndex = 0; path = WidgetRemindersExtension.appex; sourceTree = BUILT_PRODUCTS_DIR; };
		14E9CAFC2C0A32C2001E1195 /* WidgetRemindersBundle.swift */ = {isa = PBXFileReference; lastKnownFileType = sourcecode.swift; path = WidgetRemindersBundle.swift; sourceTree = "<group>"; };
		14E9CAFE2C0A32C2001E1195 /* WidgetReminders.swift */ = {isa = PBXFileReference; lastKnownFileType = sourcecode.swift; path = WidgetReminders.swift; sourceTree = "<group>"; };
		14E9CB002C0A32C4001E1195 /* Assets.xcassets */ = {isa = PBXFileReference; lastKnownFileType = folder.assetcatalog; path = Assets.xcassets; sourceTree = "<group>"; };
		14E9CB022C0A32C4001E1195 /* Info.plist */ = {isa = PBXFileReference; lastKnownFileType = text.plist.xml; path = Info.plist; sourceTree = "<group>"; };
		14F81F222C00182800DD93AB /* TabBarButton.swift */ = {isa = PBXFileReference; lastKnownFileType = sourcecode.swift; path = TabBarButton.swift; sourceTree = "<group>"; };
		6E38E9D92BF97AD50032A78E /* NoteFileListView.swift */ = {isa = PBXFileReference; lastKnownFileType = sourcecode.swift; path = NoteFileListView.swift; sourceTree = "<group>"; };
/* End PBXFileReference section */

/* Begin PBXFrameworksBuildPhase section */
		140D39D22BD93FF00036DBAE /* Frameworks */ = {
			isa = PBXFrameworksBuildPhase;
			buildActionMask = 2147483647;
			files = (
				140CF2552C0188D700D8A9B7 /* PopupView in Frameworks */,
				140D39F52BD943010036DBAE /* Markdown in Frameworks */,
				14F81F1E2C00118600DD93AB /* AnimatedTabBar in Frameworks */,
			);
			runOnlyForDeploymentPostprocessing = 0;
		};
		14E9CAF52C0A32C2001E1195 /* Frameworks */ = {
			isa = PBXFrameworksBuildPhase;
			buildActionMask = 2147483647;
			files = (
				14E9CAFA2C0A32C2001E1195 /* SwiftUI.framework in Frameworks */,
				14E9CAF92C0A32C2001E1195 /* WidgetKit.framework in Frameworks */,
			);
			runOnlyForDeploymentPostprocessing = 0;
		};
/* End PBXFrameworksBuildPhase section */

/* Begin PBXGroup section */
		140CF2582C018EE800D8A9B7 /* PopUps */ = {
			isa = PBXGroup;
			children = (
				140CF2562C018EE100D8A9B7 /* PopUpsViews.swift */,
			);
			name = PopUps;
			sourceTree = "<group>";
		};
		140D39CC2BD93FF00036DBAE = {
			isa = PBXGroup;
			children = (
				0E8D3E072C0E5DB400E3CAE2 /* WidgetRemindersExtension.entitlements */,
				0E8D3E062C0E5DAB00E3CAE2 /* WidgetRemindersExtensionDebug.entitlements */,
				140D39D72BD93FF00036DBAE /* Timeli */,
				14E9CAFB2C0A32C2001E1195 /* WidgetReminders */,
				14675A0B2BEAB11B00F08B7D /* Frameworks */,
				140D39D62BD93FF00036DBAE /* Products */,
			);
			sourceTree = "<group>";
		};
		140D39D62BD93FF00036DBAE /* Products */ = {
			isa = PBXGroup;
			children = (
				140D39D52BD93FF00036DBAE /* Timeli.app */,
				14E9CAF82C0A32C2001E1195 /* WidgetRemindersExtension.appex */,
			);
			name = Products;
			sourceTree = "<group>";
		};
		140D39D72BD93FF00036DBAE /* Timeli */ = {
			isa = PBXGroup;
			children = (
				142550022C064DF100880B65 /* Info.plist */,
				140D39D82BD93FF00036DBAE /* TimeliApp.swift */,
				14175BDF2BE0230C00F775A7 /* Models */,
				14175BE02BE0232C00F775A7 /* Notes */,
				14175BE32BE0239900F775A7 /* Reminders */,
				14175BE22BE0237700F775A7 /* ToDo */,
				14175BE42BE023BB00F775A7 /* Settings */,
				14175BE52BE0268300F775A7 /* TabViewer */,
				14C9BA932BFFD00B00ECEBA9 /* Tips */,
				140CF2582C018EE800D8A9B7 /* PopUps */,
				140D39DC2BD93FF10036DBAE /* Assets.xcassets */,
				140D39DE2BD93FF10036DBAE /* Timeli.entitlements */,
				142550002C064CCA00880B65 /* Fonts */,
				140D39DF2BD93FF10036DBAE /* Preview Content */,
				14057B582BE1DC10000CBD8B /* RectModifierView.swift */,
				140CF25B2C01AAC500D8A9B7 /* Launch Screen.storyboard */,
			);
			path = Timeli;
			sourceTree = "<group>";
		};
		140D39DF2BD93FF10036DBAE /* Preview Content */ = {
			isa = PBXGroup;
			children = (
				140D39E02BD93FF10036DBAE /* Preview Assets.xcassets */,
			);
			path = "Preview Content";
			sourceTree = "<group>";
		};
		14175BDF2BE0230C00F775A7 /* Models */ = {
			isa = PBXGroup;
			children = (
				140D39E72BD9406E0036DBAE /* NotesModel.swift */,
				14175BE62BE0289800F775A7 /* RemindersModel.swift */,
			);
			name = Models;
			sourceTree = "<group>";
		};
		14175BE02BE0232C00F775A7 /* Notes */ = {
			isa = PBXGroup;
			children = (
				140D39E92BD940A00036DBAE /* NotesView.swift */,
				6E38E9D92BF97AD50032A78E /* NoteFileListView.swift */,
			);
			name = Notes;
			sourceTree = "<group>";
		};
		14175BE22BE0237700F775A7 /* ToDo */ = {
			isa = PBXGroup;
			children = (
				140D39F12BD941960036DBAE /* ToDoView.swift */,
				14DF95032BDB02450091CFAF /* NewToDoItemView.swift */,
				14DF95052BDB02520091CFAF /* ToDoItemView.swift */,
			);
			name = ToDo;
			sourceTree = "<group>";
		};
		14175BE32BE0239900F775A7 /* Reminders */ = {
			isa = PBXGroup;
			children = (
				140D39F62BD94BB90036DBAE /* RemindersView.swift */,
				14175BE82BE02AEE00F775A7 /* NewReminderView.swift */,
				14175BEA2BE02F9E00F775A7 /* ReminderItemView.swift */,
			);
			name = Reminders;
			sourceTree = "<group>";
		};
		14175BE42BE023BB00F775A7 /* Settings */ = {
			isa = PBXGroup;
			children = (
				140D39F82BD94C100036DBAE /* SettingsView.swift */,
			);
			name = Settings;
			sourceTree = "<group>";
		};
		14175BE52BE0268300F775A7 /* TabViewer */ = {
			isa = PBXGroup;
			children = (
				14F81F222C00182800DD93AB /* TabBarButton.swift */,
			);
			name = TabViewer;
			sourceTree = "<group>";
		};
		142550002C064CCA00880B65 /* Fonts */ = {
			isa = PBXGroup;
			children = (
				142550032C064E6D00880B65 /* Rosmatika.ttf */,
			);
			path = Fonts;
			sourceTree = "<group>";
		};
		14675A0B2BEAB11B00F08B7D /* Frameworks */ = {
			isa = PBXGroup;
			children = (
				14675A0C2BEAB11B00F08B7D /* WidgetKit.framework */,
				14675A0E2BEAB11B00F08B7D /* SwiftUI.framework */,
			);
			name = Frameworks;
			sourceTree = "<group>";
		};
		14C9BA932BFFD00B00ECEBA9 /* Tips */ = {
			isa = PBXGroup;
			children = (
				14C9BA942BFFD03100ECEBA9 /* Tips.swift */,
			);
			name = Tips;
			sourceTree = "<group>";
		};
		14E9CAFB2C0A32C2001E1195 /* WidgetReminders */ = {
			isa = PBXGroup;
			children = (
				14E9CAFC2C0A32C2001E1195 /* WidgetRemindersBundle.swift */,
				14E9CAFE2C0A32C2001E1195 /* WidgetReminders.swift */,
				14E9CB002C0A32C4001E1195 /* Assets.xcassets */,
				14E9CB022C0A32C4001E1195 /* Info.plist */,
			);
			path = WidgetReminders;
			sourceTree = "<group>";
		};
/* End PBXGroup section */

/* Begin PBXNativeTarget section */
		140D39D42BD93FF00036DBAE /* Timeli */ = {
			isa = PBXNativeTarget;
			buildConfigurationList = 140D39E42BD93FF10036DBAE /* Build configuration list for PBXNativeTarget "Timeli" */;
			buildPhases = (
				140D39D12BD93FF00036DBAE /* Sources */,
				140D39D22BD93FF00036DBAE /* Frameworks */,
				140D39D32BD93FF00036DBAE /* Resources */,
				14675A222BEAB11C00F08B7D /* Embed Foundation Extensions */,
				8481A74D2C066CE5001BB6A4 /* Embed Watch Content */,
			);
			buildRules = (
			);
			dependencies = (
				14E9CB042C0A32C4001E1195 /* PBXTargetDependency */,
			);
			name = Timeli;
			packageProductDependencies = (
				140D39F42BD943010036DBAE /* Markdown */,
				14F81F1D2C00118600DD93AB /* AnimatedTabBar */,
				140CF2542C0188D700D8A9B7 /* PopupView */,
			);
			productName = Timeli;
			productReference = 140D39D52BD93FF00036DBAE /* Timeli.app */;
			productType = "com.apple.product-type.application";
		};
		14E9CAF72C0A32C2001E1195 /* WidgetRemindersExtension */ = {
			isa = PBXNativeTarget;
			buildConfigurationList = 14E9CB082C0A32C4001E1195 /* Build configuration list for PBXNativeTarget "WidgetRemindersExtension" */;
			buildPhases = (
				14E9CAF42C0A32C2001E1195 /* Sources */,
				14E9CAF52C0A32C2001E1195 /* Frameworks */,
				14E9CAF62C0A32C2001E1195 /* Resources */,
			);
			buildRules = (
			);
			dependencies = (
			);
			name = WidgetRemindersExtension;
			productName = WidgetRemindersExtension;
			productReference = 14E9CAF82C0A32C2001E1195 /* WidgetRemindersExtension.appex */;
			productType = "com.apple.product-type.app-extension";
		};
/* End PBXNativeTarget section */

/* Begin PBXProject section */
		140D39CD2BD93FF00036DBAE /* Project object */ = {
			isa = PBXProject;
			attributes = {
				BuildIndependentTargetsInParallel = 1;
				LastSwiftUpdateCheck = 1530;
				LastUpgradeCheck = 1540;
				TargetAttributes = {
					140D39D42BD93FF00036DBAE = {
						CreatedOnToolsVersion = 15.3;
					};
					14E9CAF72C0A32C2001E1195 = {
						CreatedOnToolsVersion = 15.3;
					};
				};
			};
			buildConfigurationList = 140D39D02BD93FF00036DBAE /* Build configuration list for PBXProject "Timeli" */;
			compatibilityVersion = "Xcode 14.0";
			developmentRegion = en;
			hasScannedForEncodings = 0;
			knownRegions = (
				en,
				Base,
			);
			mainGroup = 140D39CC2BD93FF00036DBAE;
			packageReferences = (
				140D39F32BD943010036DBAE /* XCRemoteSwiftPackageReference "swiftui-markdown" */,
				14F81F1C2C00108C00DD93AB /* XCRemoteSwiftPackageReference "AnimatedTabBar" */,
				140CF2532C0188D700D8A9B7 /* XCRemoteSwiftPackageReference "PopupView" */,
			);
			productRefGroup = 140D39D62BD93FF00036DBAE /* Products */;
			projectDirPath = "";
			projectRoot = "";
			targets = (
				140D39D42BD93FF00036DBAE /* Timeli */,
				14E9CAF72C0A32C2001E1195 /* WidgetRemindersExtension */,
			);
		};
/* End PBXProject section */

/* Begin PBXResourcesBuildPhase section */
		140D39D32BD93FF00036DBAE /* Resources */ = {
			isa = PBXResourcesBuildPhase;
			buildActionMask = 2147483647;
			files = (
				142550042C065F0F00880B65 /* Rosmatika.ttf in Resources */,
				140CF25C2C01AAC500D8A9B7 /* Launch Screen.storyboard in Resources */,
				140D39E12BD93FF10036DBAE /* Preview Assets.xcassets in Resources */,
				140D39DD2BD93FF10036DBAE /* Assets.xcassets in Resources */,
			);
			runOnlyForDeploymentPostprocessing = 0;
		};
		14E9CAF62C0A32C2001E1195 /* Resources */ = {
			isa = PBXResourcesBuildPhase;
			buildActionMask = 2147483647;
			files = (
				14E9CB012C0A32C4001E1195 /* Assets.xcassets in Resources */,
			);
			runOnlyForDeploymentPostprocessing = 0;
		};
/* End PBXResourcesBuildPhase section */

/* Begin PBXSourcesBuildPhase section */
		140D39D12BD93FF00036DBAE /* Sources */ = {
			isa = PBXSourcesBuildPhase;
			buildActionMask = 2147483647;
			files = (
				14175BEB2BE02F9E00F775A7 /* ReminderItemView.swift in Sources */,
				140CF2572C018EE100D8A9B7 /* PopUpsViews.swift in Sources */,
				14DF95062BDB02520091CFAF /* ToDoItemView.swift in Sources */,
				14C9BA952BFFD03100ECEBA9 /* Tips.swift in Sources */,
				140D39D92BD93FF00036DBAE /* TimeliApp.swift in Sources */,
				14DF95042BDB02450091CFAF /* NewToDoItemView.swift in Sources */,
				14F81F232C00182800DD93AB /* TabBarButton.swift in Sources */,
				140D39F22BD941960036DBAE /* ToDoView.swift in Sources */,
				6E38E9DA2BF97AD50032A78E /* NoteFileListView.swift in Sources */,
				14175BE72BE0289800F775A7 /* RemindersModel.swift in Sources */,
				140D39EA2BD940A00036DBAE /* NotesView.swift in Sources */,
				140D39F92BD94C100036DBAE /* SettingsView.swift in Sources */,
				140D39E82BD9406E0036DBAE /* NotesModel.swift in Sources */,
				14175BE92BE02AEE00F775A7 /* NewReminderView.swift in Sources */,
				14057B592BE1DC10000CBD8B /* RectModifierView.swift in Sources */,
				140D39F72BD94BB90036DBAE /* RemindersView.swift in Sources */,
			);
			runOnlyForDeploymentPostprocessing = 0;
		};
		14E9CAF42C0A32C2001E1195 /* Sources */ = {
			isa = PBXSourcesBuildPhase;
			buildActionMask = 2147483647;
			files = (
				14E9CB0D2C0A330E001E1195 /* WidgetRemindersBundle.swift in Sources */,
				14E9CAFF2C0A32C2001E1195 /* WidgetReminders.swift in Sources */,
				14E9CB092C0A32EE001E1195 /* RemindersModel.swift in Sources */,
			);
			runOnlyForDeploymentPostprocessing = 0;
		};
/* End PBXSourcesBuildPhase section */

/* Begin PBXTargetDependency section */
		14E9CB042C0A32C4001E1195 /* PBXTargetDependency */ = {
			isa = PBXTargetDependency;
			target = 14E9CAF72C0A32C2001E1195 /* WidgetRemindersExtension */;
			targetProxy = 14E9CB032C0A32C4001E1195 /* PBXContainerItemProxy */;
		};
/* End PBXTargetDependency section */

/* Begin XCBuildConfiguration section */
		140D39E22BD93FF10036DBAE /* Debug */ = {
			isa = XCBuildConfiguration;
			buildSettings = {
				ALWAYS_SEARCH_USER_PATHS = NO;
				ASSETCATALOG_COMPILER_GENERATE_SWIFT_ASSET_SYMBOL_EXTENSIONS = YES;
				CLANG_ANALYZER_NONNULL = YES;
				CLANG_ANALYZER_NUMBER_OBJECT_CONVERSION = YES_AGGRESSIVE;
				CLANG_CXX_LANGUAGE_STANDARD = "gnu++20";
				CLANG_ENABLE_MODULES = YES;
				CLANG_ENABLE_OBJC_ARC = YES;
				CLANG_ENABLE_OBJC_WEAK = YES;
				CLANG_WARN_BLOCK_CAPTURE_AUTORELEASING = YES;
				CLANG_WARN_BOOL_CONVERSION = YES;
				CLANG_WARN_COMMA = YES;
				CLANG_WARN_CONSTANT_CONVERSION = YES;
				CLANG_WARN_DEPRECATED_OBJC_IMPLEMENTATIONS = YES;
				CLANG_WARN_DIRECT_OBJC_ISA_USAGE = YES_ERROR;
				CLANG_WARN_DOCUMENTATION_COMMENTS = YES;
				CLANG_WARN_EMPTY_BODY = YES;
				CLANG_WARN_ENUM_CONVERSION = YES;
				CLANG_WARN_INFINITE_RECURSION = YES;
				CLANG_WARN_INT_CONVERSION = YES;
				CLANG_WARN_NON_LITERAL_NULL_CONVERSION = YES;
				CLANG_WARN_OBJC_IMPLICIT_RETAIN_SELF = YES;
				CLANG_WARN_OBJC_LITERAL_CONVERSION = YES;
				CLANG_WARN_OBJC_ROOT_CLASS = YES_ERROR;
				CLANG_WARN_QUOTED_INCLUDE_IN_FRAMEWORK_HEADER = YES;
				CLANG_WARN_RANGE_LOOP_ANALYSIS = YES;
				CLANG_WARN_STRICT_PROTOTYPES = YES;
				CLANG_WARN_SUSPICIOUS_MOVE = YES;
				CLANG_WARN_UNGUARDED_AVAILABILITY = YES_AGGRESSIVE;
				CLANG_WARN_UNREACHABLE_CODE = YES;
				CLANG_WARN__DUPLICATE_METHOD_MATCH = YES;
				COPY_PHASE_STRIP = NO;
				DEAD_CODE_STRIPPING = YES;
				DEBUG_INFORMATION_FORMAT = dwarf;
				ENABLE_STRICT_OBJC_MSGSEND = YES;
				ENABLE_TESTABILITY = YES;
				ENABLE_USER_SCRIPT_SANDBOXING = YES;
				GCC_C_LANGUAGE_STANDARD = gnu17;
				GCC_DYNAMIC_NO_PIC = NO;
				GCC_NO_COMMON_BLOCKS = YES;
				GCC_OPTIMIZATION_LEVEL = 0;
				GCC_PREPROCESSOR_DEFINITIONS = (
					"DEBUG=1",
					"$(inherited)",
				);
				GCC_WARN_64_TO_32_BIT_CONVERSION = YES;
				GCC_WARN_ABOUT_RETURN_TYPE = YES_ERROR;
				GCC_WARN_UNDECLARED_SELECTOR = YES;
				GCC_WARN_UNINITIALIZED_AUTOS = YES_AGGRESSIVE;
				GCC_WARN_UNUSED_FUNCTION = YES;
				GCC_WARN_UNUSED_VARIABLE = YES;
				LOCALIZATION_PREFERS_STRING_CATALOGS = YES;
				MTL_ENABLE_DEBUG_INFO = INCLUDE_SOURCE;
				MTL_FAST_MATH = YES;
				ONLY_ACTIVE_ARCH = YES;
				SWIFT_ACTIVE_COMPILATION_CONDITIONS = "DEBUG $(inherited)";
				SWIFT_OPTIMIZATION_LEVEL = "-Onone";
			};
			name = Debug;
		};
		140D39E32BD93FF10036DBAE /* Release */ = {
			isa = XCBuildConfiguration;
			buildSettings = {
				ALWAYS_SEARCH_USER_PATHS = NO;
				ASSETCATALOG_COMPILER_GENERATE_SWIFT_ASSET_SYMBOL_EXTENSIONS = YES;
				CLANG_ANALYZER_NONNULL = YES;
				CLANG_ANALYZER_NUMBER_OBJECT_CONVERSION = YES_AGGRESSIVE;
				CLANG_CXX_LANGUAGE_STANDARD = "gnu++20";
				CLANG_ENABLE_MODULES = YES;
				CLANG_ENABLE_OBJC_ARC = YES;
				CLANG_ENABLE_OBJC_WEAK = YES;
				CLANG_WARN_BLOCK_CAPTURE_AUTORELEASING = YES;
				CLANG_WARN_BOOL_CONVERSION = YES;
				CLANG_WARN_COMMA = YES;
				CLANG_WARN_CONSTANT_CONVERSION = YES;
				CLANG_WARN_DEPRECATED_OBJC_IMPLEMENTATIONS = YES;
				CLANG_WARN_DIRECT_OBJC_ISA_USAGE = YES_ERROR;
				CLANG_WARN_DOCUMENTATION_COMMENTS = YES;
				CLANG_WARN_EMPTY_BODY = YES;
				CLANG_WARN_ENUM_CONVERSION = YES;
				CLANG_WARN_INFINITE_RECURSION = YES;
				CLANG_WARN_INT_CONVERSION = YES;
				CLANG_WARN_NON_LITERAL_NULL_CONVERSION = YES;
				CLANG_WARN_OBJC_IMPLICIT_RETAIN_SELF = YES;
				CLANG_WARN_OBJC_LITERAL_CONVERSION = YES;
				CLANG_WARN_OBJC_ROOT_CLASS = YES_ERROR;
				CLANG_WARN_QUOTED_INCLUDE_IN_FRAMEWORK_HEADER = YES;
				CLANG_WARN_RANGE_LOOP_ANALYSIS = YES;
				CLANG_WARN_STRICT_PROTOTYPES = YES;
				CLANG_WARN_SUSPICIOUS_MOVE = YES;
				CLANG_WARN_UNGUARDED_AVAILABILITY = YES_AGGRESSIVE;
				CLANG_WARN_UNREACHABLE_CODE = YES;
				CLANG_WARN__DUPLICATE_METHOD_MATCH = YES;
				COPY_PHASE_STRIP = NO;
				DEAD_CODE_STRIPPING = YES;
				DEBUG_INFORMATION_FORMAT = "dwarf-with-dsym";
				ENABLE_NS_ASSERTIONS = NO;
				ENABLE_STRICT_OBJC_MSGSEND = YES;
				ENABLE_USER_SCRIPT_SANDBOXING = YES;
				GCC_C_LANGUAGE_STANDARD = gnu17;
				GCC_NO_COMMON_BLOCKS = YES;
				GCC_WARN_64_TO_32_BIT_CONVERSION = YES;
				GCC_WARN_ABOUT_RETURN_TYPE = YES_ERROR;
				GCC_WARN_UNDECLARED_SELECTOR = YES;
				GCC_WARN_UNINITIALIZED_AUTOS = YES_AGGRESSIVE;
				GCC_WARN_UNUSED_FUNCTION = YES;
				GCC_WARN_UNUSED_VARIABLE = YES;
				LOCALIZATION_PREFERS_STRING_CATALOGS = YES;
				MTL_ENABLE_DEBUG_INFO = NO;
				MTL_FAST_MATH = YES;
				SWIFT_COMPILATION_MODE = wholemodule;
			};
			name = Release;
		};
		140D39E52BD93FF10036DBAE /* Debug */ = {
			isa = XCBuildConfiguration;
			buildSettings = {
				ALWAYS_EMBED_SWIFT_STANDARD_LIBRARIES = YES;
				ASSETCATALOG_COMPILER_APPICON_NAME = AppIcon;
				ASSETCATALOG_COMPILER_GLOBAL_ACCENT_COLOR_NAME = AccentColor;
				ASSETCATALOG_COMPILER_INCLUDE_ALL_APPICON_ASSETS = YES;
				CODE_SIGN_ENTITLEMENTS = Timeli/Timeli.entitlements;
				CODE_SIGN_STYLE = Automatic;
				CURRENT_PROJECT_VERSION = 1;
				DEAD_CODE_STRIPPING = YES;
				DEVELOPMENT_ASSET_PATHS = "\"Timeli/Preview Content\"";
				DEVELOPMENT_TEAM = JP32Y2D6YY;
				ENABLE_PREVIEWS = YES;
				GENERATE_INFOPLIST_FILE = YES;
				INFOPLIST_FILE = Timeli/Info.plist;
				INFOPLIST_KEY_CFBundleDisplayName = Timeli;
				INFOPLIST_KEY_LSApplicationCategoryType = "public.app-category.utilities";
				"INFOPLIST_KEY_UIApplicationSceneManifest_Generation[sdk=iphoneos*]" = YES;
				"INFOPLIST_KEY_UIApplicationSceneManifest_Generation[sdk=iphonesimulator*]" = YES;
				"INFOPLIST_KEY_UIApplicationSupportsIndirectInputEvents[sdk=iphoneos*]" = YES;
				"INFOPLIST_KEY_UIApplicationSupportsIndirectInputEvents[sdk=iphonesimulator*]" = YES;
				"INFOPLIST_KEY_UILaunchScreen_Generation[sdk=iphoneos*]" = YES;
				"INFOPLIST_KEY_UILaunchScreen_Generation[sdk=iphonesimulator*]" = YES;
				INFOPLIST_KEY_UILaunchStoryboardName = "Launch Screen.storyboard";
				"INFOPLIST_KEY_UIStatusBarStyle[sdk=iphoneos*]" = UIStatusBarStyleDefault;
				"INFOPLIST_KEY_UIStatusBarStyle[sdk=iphonesimulator*]" = UIStatusBarStyleDefault;
				INFOPLIST_KEY_UISupportedInterfaceOrientations = UIInterfaceOrientationPortrait;
				INFOPLIST_KEY_UISupportedInterfaceOrientations_iPad = "UIInterfaceOrientationLandscapeLeft UIInterfaceOrientationLandscapeRight UIInterfaceOrientationPortrait UIInterfaceOrientationPortraitUpsideDown";
				IPHONEOS_DEPLOYMENT_TARGET = 17.0;
				LD_RUNPATH_SEARCH_PATHS = "@executable_path/Frameworks";
				"LD_RUNPATH_SEARCH_PATHS[sdk=macosx*]" = "@executable_path/../Frameworks";
				MACOSX_DEPLOYMENT_TARGET = 14.2;
				MARKETING_VERSION = 1.0;
				PRODUCT_BUNDLE_IDENTIFIER = org.jhhs.HourGlass.Timeli;
				PRODUCT_NAME = "$(TARGET_NAME)";
				SDKROOT = auto;
				SUPPORTED_PLATFORMS = "iphoneos iphonesimulator";
				SUPPORTS_MACCATALYST = NO;
				SWIFT_EMIT_LOC_STRINGS = YES;
				SWIFT_VERSION = 5.0;
				TARGETED_DEVICE_FAMILY = "1,2";
			};
			name = Debug;
		};
		140D39E62BD93FF10036DBAE /* Release */ = {
			isa = XCBuildConfiguration;
			buildSettings = {
				ALWAYS_EMBED_SWIFT_STANDARD_LIBRARIES = YES;
				ASSETCATALOG_COMPILER_APPICON_NAME = AppIcon;
				ASSETCATALOG_COMPILER_GLOBAL_ACCENT_COLOR_NAME = AccentColor;
				ASSETCATALOG_COMPILER_INCLUDE_ALL_APPICON_ASSETS = YES;
				CODE_SIGN_ENTITLEMENTS = Timeli/Timeli.entitlements;
				CODE_SIGN_STYLE = Automatic;
				CURRENT_PROJECT_VERSION = 1;
				DEAD_CODE_STRIPPING = YES;
				DEVELOPMENT_ASSET_PATHS = "\"Timeli/Preview Content\"";
				DEVELOPMENT_TEAM = JP32Y2D6YY;
				ENABLE_PREVIEWS = YES;
				GENERATE_INFOPLIST_FILE = YES;
				INFOPLIST_FILE = Timeli/Info.plist;
				INFOPLIST_KEY_CFBundleDisplayName = Timeli;
				INFOPLIST_KEY_LSApplicationCategoryType = "public.app-category.utilities";
				"INFOPLIST_KEY_UIApplicationSceneManifest_Generation[sdk=iphoneos*]" = YES;
				"INFOPLIST_KEY_UIApplicationSceneManifest_Generation[sdk=iphonesimulator*]" = YES;
				"INFOPLIST_KEY_UIApplicationSupportsIndirectInputEvents[sdk=iphoneos*]" = YES;
				"INFOPLIST_KEY_UIApplicationSupportsIndirectInputEvents[sdk=iphonesimulator*]" = YES;
				"INFOPLIST_KEY_UILaunchScreen_Generation[sdk=iphoneos*]" = YES;
				"INFOPLIST_KEY_UILaunchScreen_Generation[sdk=iphonesimulator*]" = YES;
				INFOPLIST_KEY_UILaunchStoryboardName = "Launch Screen.storyboard";
				"INFOPLIST_KEY_UIStatusBarStyle[sdk=iphoneos*]" = UIStatusBarStyleDefault;
				"INFOPLIST_KEY_UIStatusBarStyle[sdk=iphonesimulator*]" = UIStatusBarStyleDefault;
				INFOPLIST_KEY_UISupportedInterfaceOrientations = UIInterfaceOrientationPortrait;
				INFOPLIST_KEY_UISupportedInterfaceOrientations_iPad = "UIInterfaceOrientationLandscapeLeft UIInterfaceOrientationLandscapeRight UIInterfaceOrientationPortrait UIInterfaceOrientationPortraitUpsideDown";
				IPHONEOS_DEPLOYMENT_TARGET = 17.0;
				LD_RUNPATH_SEARCH_PATHS = "@executable_path/Frameworks";
				"LD_RUNPATH_SEARCH_PATHS[sdk=macosx*]" = "@executable_path/../Frameworks";
				MACOSX_DEPLOYMENT_TARGET = 14.2;
				MARKETING_VERSION = 1.0;
				PRODUCT_BUNDLE_IDENTIFIER = org.jhhs.HourGlass.Timeli;
				PRODUCT_NAME = "$(TARGET_NAME)";
				SDKROOT = auto;
				SUPPORTED_PLATFORMS = "iphoneos iphonesimulator";
				SUPPORTS_MACCATALYST = NO;
				SWIFT_EMIT_LOC_STRINGS = YES;
				SWIFT_VERSION = 5.0;
				TARGETED_DEVICE_FAMILY = "1,2";
			};
			name = Release;
		};
		14E9CB062C0A32C4001E1195 /* Debug */ = {
			isa = XCBuildConfiguration;
			buildSettings = {
				ASSETCATALOG_COMPILER_GLOBAL_ACCENT_COLOR_NAME = AccentColor;
				ASSETCATALOG_COMPILER_WIDGET_BACKGROUND_COLOR_NAME = WidgetBackground;
				CODE_SIGN_STYLE = Automatic;
				CURRENT_PROJECT_VERSION = 1;
				DEVELOPMENT_TEAM = JP32Y2D6YY;
				GENERATE_INFOPLIST_FILE = YES;
				INFOPLIST_FILE = WidgetReminders/Info.plist;
				INFOPLIST_KEY_CFBundleDisplayName = WidgetReminders;
				INFOPLIST_KEY_NSHumanReadableCopyright = "";
				IPHONEOS_DEPLOYMENT_TARGET = 17.4;
				LD_RUNPATH_SEARCH_PATHS = (
					"$(inherited)",
					"@executable_path/Frameworks",
					"@executable_path/../../Frameworks",
				);
				MARKETING_VERSION = 1.0;
				PRODUCT_BUNDLE_IDENTIFIER = org.jhhs.HourGlass.Timeli.WidgetReminders.bypass;
				PRODUCT_NAME = "$(TARGET_NAME)";
				SDKROOT = iphoneos;
				SKIP_INSTALL = YES;
				SWIFT_EMIT_LOC_STRINGS = YES;
				SWIFT_VERSION = 5.0;
				TARGETED_DEVICE_FAMILY = "1,2";
			};
			name = Debug;
		};
		14E9CB072C0A32C4001E1195 /* Release */ = {
			isa = XCBuildConfiguration;
			buildSettings = {
				ASSETCATALOG_COMPILER_GLOBAL_ACCENT_COLOR_NAME = AccentColor;
				ASSETCATALOG_COMPILER_WIDGET_BACKGROUND_COLOR_NAME = WidgetBackground;
				CODE_SIGN_STYLE = Automatic;
				CURRENT_PROJECT_VERSION = 1;
				DEVELOPMENT_TEAM = JP32Y2D6YY;
				GENERATE_INFOPLIST_FILE = YES;
				INFOPLIST_FILE = WidgetReminders/Info.plist;
				INFOPLIST_KEY_CFBundleDisplayName = WidgetReminders;
				INFOPLIST_KEY_NSHumanReadableCopyright = "";
				IPHONEOS_DEPLOYMENT_TARGET = 17.4;
				LD_RUNPATH_SEARCH_PATHS = (
					"$(inherited)",
					"@executable_path/Frameworks",
					"@executable_path/../../Frameworks",
				);
				MARKETING_VERSION = 1.0;
				PRODUCT_BUNDLE_IDENTIFIER = org.jhhs.HourGlass.Timeli.WidgetReminders.bypass;
				PRODUCT_NAME = "$(TARGET_NAME)";
				SDKROOT = iphoneos;
				SKIP_INSTALL = YES;
				SWIFT_EMIT_LOC_STRINGS = YES;
				SWIFT_VERSION = 5.0;
				TARGETED_DEVICE_FAMILY = "1,2";
				VALIDATE_PRODUCT = YES;
			};
			name = Release;
		};
/* End XCBuildConfiguration section */

/* Begin XCConfigurationList section */
		140D39D02BD93FF00036DBAE /* Build configuration list for PBXProject "Timeli" */ = {
			isa = XCConfigurationList;
			buildConfigurations = (
				140D39E22BD93FF10036DBAE /* Debug */,
				140D39E32BD93FF10036DBAE /* Release */,
			);
			defaultConfigurationIsVisible = 0;
			defaultConfigurationName = Release;
		};
		140D39E42BD93FF10036DBAE /* Build configuration list for PBXNativeTarget "Timeli" */ = {
			isa = XCConfigurationList;
			buildConfigurations = (
				140D39E52BD93FF10036DBAE /* Debug */,
				140D39E62BD93FF10036DBAE /* Release */,
			);
			defaultConfigurationIsVisible = 0;
			defaultConfigurationName = Release;
		};
		14E9CB082C0A32C4001E1195 /* Build configuration list for PBXNativeTarget "WidgetRemindersExtension" */ = {
			isa = XCConfigurationList;
			buildConfigurations = (
				14E9CB062C0A32C4001E1195 /* Debug */,
				14E9CB072C0A32C4001E1195 /* Release */,
			);
			defaultConfigurationIsVisible = 0;
			defaultConfigurationName = Release;
		};
/* End XCConfigurationList section */

/* Begin XCRemoteSwiftPackageReference section */
		140CF2532C0188D700D8A9B7 /* XCRemoteSwiftPackageReference "PopupView" */ = {
			isa = XCRemoteSwiftPackageReference;
			repositoryURL = "https://github.com/exyte/PopupView.git";
			requirement = {
				kind = upToNextMajorVersion;
				minimumVersion = 2.9.2;
			};
		};
		140D39F32BD943010036DBAE /* XCRemoteSwiftPackageReference "swiftui-markdown" */ = {
			isa = XCRemoteSwiftPackageReference;
			repositoryURL = "https://github.com/jaywcjlove/swiftui-markdown";
			requirement = {
				branch = main;
				kind = branch;
			};
		};
		14F81F1C2C00108C00DD93AB /* XCRemoteSwiftPackageReference "AnimatedTabBar" */ = {
			isa = XCRemoteSwiftPackageReference;
			repositoryURL = "https://github.com/exyte/AnimatedTabBar";
			requirement = {
				kind = upToNextMajorVersion;
				minimumVersion = 0.1.2;
			};
		};
/* End XCRemoteSwiftPackageReference section */

/* Begin XCSwiftPackageProductDependency section */
		140CF2542C0188D700D8A9B7 /* PopupView */ = {
			isa = XCSwiftPackageProductDependency;
			package = 140CF2532C0188D700D8A9B7 /* XCRemoteSwiftPackageReference "PopupView" */;
			productName = PopupView;
		};
		140D39F42BD943010036DBAE /* Markdown */ = {
			isa = XCSwiftPackageProductDependency;
			package = 140D39F32BD943010036DBAE /* XCRemoteSwiftPackageReference "swiftui-markdown" */;
			productName = Markdown;
		};
		14F81F1D2C00118600DD93AB /* AnimatedTabBar */ = {
			isa = XCSwiftPackageProductDependency;
			package = 14F81F1C2C00108C00DD93AB /* XCRemoteSwiftPackageReference "AnimatedTabBar" */;
			productName = AnimatedTabBar;
		};
/* End XCSwiftPackageProductDependency section */
	};
	rootObject = 140D39CD2BD93FF00036DBAE /* Project object */;
}
