// !$*UTF8*$!
{
	archiveVersion = 1;
	classes = {
	};
	objectVersion = 56;
	objects = {

/* Begin PBXBuildFile section */
		14057B592BE1DC10000CBD8B /* RectModifierView.swift in Sources */ = {isa = PBXBuildFile; fileRef = 14057B582BE1DC10000CBD8B /* RectModifierView.swift */; };
		140D39D92BD93FF00036DBAE /* TimeliApp.swift in Sources */ = {isa = PBXBuildFile; fileRef = 140D39D82BD93FF00036DBAE /* TimeliApp.swift */; };
		140D39DB2BD93FF00036DBAE /* ContentView.swift in Sources */ = {isa = PBXBuildFile; fileRef = 140D39DA2BD93FF00036DBAE /* ContentView.swift */; };
		140D39DD2BD93FF10036DBAE /* Assets.xcassets in Resources */ = {isa = PBXBuildFile; fileRef = 140D39DC2BD93FF10036DBAE /* Assets.xcassets */; };
		140D39E12BD93FF10036DBAE /* Preview Assets.xcassets in Resources */ = {isa = PBXBuildFile; fileRef = 140D39E02BD93FF10036DBAE /* Preview Assets.xcassets */; };
		140D39E82BD9406E0036DBAE /* NotesModel.swift in Sources */ = {isa = PBXBuildFile; fileRef = 140D39E72BD9406E0036DBAE /* NotesModel.swift */; };
		140D39EA2BD940A00036DBAE /* NotesView.swift in Sources */ = {isa = PBXBuildFile; fileRef = 140D39E92BD940A00036DBAE /* NotesView.swift */; };
		140D39EC2BD940D20036DBAE /* SetUpTImeli.swift in Sources */ = {isa = PBXBuildFile; fileRef = 140D39EB2BD940D20036DBAE /* SetUpTImeli.swift */; };
		140D39EE2BD9412E0036DBAE /* TabViewButton.swift in Sources */ = {isa = PBXBuildFile; fileRef = 140D39ED2BD9412E0036DBAE /* TabViewButton.swift */; };
		140D39F02BD941630036DBAE /* TabViewerView.swift in Sources */ = {isa = PBXBuildFile; fileRef = 140D39EF2BD941630036DBAE /* TabViewerView.swift */; };
		140D39F22BD941960036DBAE /* ToDoView.swift in Sources */ = {isa = PBXBuildFile; fileRef = 140D39F12BD941960036DBAE /* ToDoView.swift */; };
		140D39F52BD943010036DBAE /* Markdown in Frameworks */ = {isa = PBXBuildFile; productRef = 140D39F42BD943010036DBAE /* Markdown */; };
		140D39F72BD94BB90036DBAE /* RemindersView.swift in Sources */ = {isa = PBXBuildFile; fileRef = 140D39F62BD94BB90036DBAE /* RemindersView.swift */; };
		140D39F92BD94C100036DBAE /* SettingsView.swift in Sources */ = {isa = PBXBuildFile; fileRef = 140D39F82BD94C100036DBAE /* SettingsView.swift */; };
		14175BE72BE0289800F775A7 /* RemindersModel.swift in Sources */ = {isa = PBXBuildFile; fileRef = 14175BE62BE0289800F775A7 /* RemindersModel.swift */; };
		14175BE92BE02AEE00F775A7 /* NewReminderView.swift in Sources */ = {isa = PBXBuildFile; fileRef = 14175BE82BE02AEE00F775A7 /* NewReminderView.swift */; };
		14175BEB2BE02F9E00F775A7 /* ReminderItemView.swift in Sources */ = {isa = PBXBuildFile; fileRef = 14175BEA2BE02F9E00F775A7 /* ReminderItemView.swift */; };
		14DF95042BDB02450091CFAF /* NewToDoItemView.swift in Sources */ = {isa = PBXBuildFile; fileRef = 14DF95032BDB02450091CFAF /* NewToDoItemView.swift */; };
		14DF95062BDB02520091CFAF /* ToDoItemView.swift in Sources */ = {isa = PBXBuildFile; fileRef = 14DF95052BDB02520091CFAF /* ToDoItemView.swift */; };
		8436B1E72BE2C73C001ADFC9 /* ContentModel.swift in Sources */ = {isa = PBXBuildFile; fileRef = 8436B1E62BE2C73C001ADFC9 /* ContentModel.swift */; };
		845150EC2BDAE61200D9DDA2 /* autoSave.swift in Sources */ = {isa = PBXBuildFile; fileRef = 845150EB2BDAE61200D9DDA2 /* autoSave.swift */; };
/* End PBXBuildFile section */

/* Begin PBXFileReference section */
		14057B582BE1DC10000CBD8B /* RectModifierView.swift */ = {isa = PBXFileReference; lastKnownFileType = sourcecode.swift; path = RectModifierView.swift; sourceTree = "<group>"; };
		140D39D52BD93FF00036DBAE /* Timeli.app */ = {isa = PBXFileReference; explicitFileType = wrapper.application; includeInIndex = 0; path = Timeli.app; sourceTree = BUILT_PRODUCTS_DIR; };
		140D39D82BD93FF00036DBAE /* TimeliApp.swift */ = {isa = PBXFileReference; lastKnownFileType = sourcecode.swift; path = TimeliApp.swift; sourceTree = "<group>"; };
		140D39DA2BD93FF00036DBAE /* ContentView.swift */ = {isa = PBXFileReference; lastKnownFileType = sourcecode.swift; path = ContentView.swift; sourceTree = "<group>"; };
		140D39DC2BD93FF10036DBAE /* Assets.xcassets */ = {isa = PBXFileReference; lastKnownFileType = folder.assetcatalog; path = Assets.xcassets; sourceTree = "<group>"; };
		140D39DE2BD93FF10036DBAE /* Timeli.entitlements */ = {isa = PBXFileReference; lastKnownFileType = text.plist.entitlements; path = Timeli.entitlements; sourceTree = "<group>"; };
		140D39E02BD93FF10036DBAE /* Preview Assets.xcassets */ = {isa = PBXFileReference; lastKnownFileType = folder.assetcatalog; path = "Preview Assets.xcassets"; sourceTree = "<group>"; };
		140D39E72BD9406E0036DBAE /* NotesModel.swift */ = {isa = PBXFileReference; lastKnownFileType = sourcecode.swift; path = NotesModel.swift; sourceTree = "<group>"; };
		140D39E92BD940A00036DBAE /* NotesView.swift */ = {isa = PBXFileReference; lastKnownFileType = sourcecode.swift; path = NotesView.swift; sourceTree = "<group>"; };
		140D39EB2BD940D20036DBAE /* SetUpTImeli.swift */ = {isa = PBXFileReference; lastKnownFileType = sourcecode.swift; path = SetUpTImeli.swift; sourceTree = "<group>"; };
		140D39ED2BD9412E0036DBAE /* TabViewButton.swift */ = {isa = PBXFileReference; lastKnownFileType = sourcecode.swift; path = TabViewButton.swift; sourceTree = "<group>"; };
		140D39EF2BD941630036DBAE /* TabViewerView.swift */ = {isa = PBXFileReference; lastKnownFileType = sourcecode.swift; path = TabViewerView.swift; sourceTree = "<group>"; };
		140D39F12BD941960036DBAE /* ToDoView.swift */ = {isa = PBXFileReference; lastKnownFileType = sourcecode.swift; path = ToDoView.swift; sourceTree = "<group>"; };
		140D39F62BD94BB90036DBAE /* RemindersView.swift */ = {isa = PBXFileReference; lastKnownFileType = sourcecode.swift; path = RemindersView.swift; sourceTree = "<group>"; };
		140D39F82BD94C100036DBAE /* SettingsView.swift */ = {isa = PBXFileReference; lastKnownFileType = sourcecode.swift; path = SettingsView.swift; sourceTree = "<group>"; };
		14175BE62BE0289800F775A7 /* RemindersModel.swift */ = {isa = PBXFileReference; lastKnownFileType = sourcecode.swift; path = RemindersModel.swift; sourceTree = "<group>"; };
		14175BE82BE02AEE00F775A7 /* NewReminderView.swift */ = {isa = PBXFileReference; lastKnownFileType = sourcecode.swift; path = NewReminderView.swift; sourceTree = "<group>"; };
		14175BEA2BE02F9E00F775A7 /* ReminderItemView.swift */ = {isa = PBXFileReference; lastKnownFileType = sourcecode.swift; path = ReminderItemView.swift; sourceTree = "<group>"; };
		14DF95032BDB02450091CFAF /* NewToDoItemView.swift */ = {isa = PBXFileReference; lastKnownFileType = sourcecode.swift; path = NewToDoItemView.swift; sourceTree = "<group>"; };
		14DF95052BDB02520091CFAF /* ToDoItemView.swift */ = {isa = PBXFileReference; lastKnownFileType = sourcecode.swift; path = ToDoItemView.swift; sourceTree = "<group>"; };
		8436B1E62BE2C73C001ADFC9 /* ContentModel.swift */ = {isa = PBXFileReference; lastKnownFileType = sourcecode.swift; path = ContentModel.swift; sourceTree = "<group>"; };
		845150EB2BDAE61200D9DDA2 /* autoSave.swift */ = {isa = PBXFileReference; lastKnownFileType = sourcecode.swift; path = autoSave.swift; sourceTree = "<group>"; };
/* End PBXFileReference section */

/* Begin PBXFrameworksBuildPhase section */
		140D39D22BD93FF00036DBAE /* Frameworks */ = {
			isa = PBXFrameworksBuildPhase;
			buildActionMask = 2147483647;
			files = (
				140D39F52BD943010036DBAE /* Markdown in Frameworks */,
			);
			runOnlyForDeploymentPostprocessing = 0;
		};
/* End PBXFrameworksBuildPhase section */

/* Begin PBXGroup section */
		140D39CC2BD93FF00036DBAE = {
			isa = PBXGroup;
			children = (
				140D39D72BD93FF00036DBAE /* Timeli */,
				140D39D62BD93FF00036DBAE /* Products */,
			);
			sourceTree = "<group>";
		};
		140D39D62BD93FF00036DBAE /* Products */ = {
			isa = PBXGroup;
			children = (
				140D39D52BD93FF00036DBAE /* Timeli.app */,
			);
			name = Products;
			sourceTree = "<group>";
		};
		140D39D72BD93FF00036DBAE /* Timeli */ = {
			isa = PBXGroup;
			children = (
				140D39D82BD93FF00036DBAE /* TimeliApp.swift */,
				140D39DA2BD93FF00036DBAE /* ContentView.swift */,
				14175BDF2BE0230C00F775A7 /* Models */,
				14175BE02BE0232C00F775A7 /* Notes */,
				14175BE32BE0239900F775A7 /* Reminders */,
				14175BE22BE0237700F775A7 /* ToDo */,
				14175BE42BE023BB00F775A7 /* Settings */,
				14175BE52BE0268300F775A7 /* TabViewer */,
				140D39DC2BD93FF10036DBAE /* Assets.xcassets */,
				140D39DE2BD93FF10036DBAE /* Timeli.entitlements */,
				140D39DF2BD93FF10036DBAE /* Preview Content */,
				14057B582BE1DC10000CBD8B /* RectModifierView.swift */,
			);
			path = Timeli;
			sourceTree = "<group>";
		};
		140D39DF2BD93FF10036DBAE /* Preview Content */ = {
			isa = PBXGroup;
			children = (
				140D39E02BD93FF10036DBAE /* Preview Assets.xcassets */,
			);
			path = "Preview Content";
			sourceTree = "<group>";
		};
		14175BDF2BE0230C00F775A7 /* Models */ = {
			isa = PBXGroup;
			children = (
				140D39E72BD9406E0036DBAE /* NotesModel.swift */,
				14175BE62BE0289800F775A7 /* RemindersModel.swift */,
			);
			name = Models;
			sourceTree = "<group>";
		};
		14175BE02BE0232C00F775A7 /* Notes */ = {
			isa = PBXGroup;
			children = (
				140D39E92BD940A00036DBAE /* NotesView.swift */,
				8436B1E62BE2C73C001ADFC9 /* ContentModel.swift */,
				845150EB2BDAE61200D9DDA2 /* autoSave.swift */,
			);
			name = Notes;
			sourceTree = "<group>";
		};
		14175BE22BE0237700F775A7 /* ToDo */ = {
			isa = PBXGroup;
			children = (
				140D39F12BD941960036DBAE /* ToDoView.swift */,
				14DF95032BDB02450091CFAF /* NewToDoItemView.swift */,
				14DF95052BDB02520091CFAF /* ToDoItemView.swift */,
			);
			name = ToDo;
			sourceTree = "<group>";
		};
		14175BE32BE0239900F775A7 /* Reminders */ = {
			isa = PBXGroup;
			children = (
				140D39F62BD94BB90036DBAE /* RemindersView.swift */,
				14175BE82BE02AEE00F775A7 /* NewReminderView.swift */,
				14175BEA2BE02F9E00F775A7 /* ReminderItemView.swift */,
			);
			name = Reminders;
			sourceTree = "<group>";
		};
		14175BE42BE023BB00F775A7 /* Settings */ = {
			isa = PBXGroup;
			children = (
				140D39EB2BD940D20036DBAE /* SetUpTImeli.swift */,
				140D39F82BD94C100036DBAE /* SettingsView.swift */,
			);
			name = Settings;
			sourceTree = "<group>";
		};
		14175BE52BE0268300F775A7 /* TabViewer */ = {
			isa = PBXGroup;
			children = (
				140D39EF2BD941630036DBAE /* TabViewerView.swift */,
				140D39ED2BD9412E0036DBAE /* TabViewButton.swift */,
			);
			name = TabViewer;
			sourceTree = "<group>";
		};
/* End PBXGroup section */

/* Begin PBXNativeTarget section */
		140D39D42BD93FF00036DBAE /* Timeli */ = {
			isa = PBXNativeTarget;
			buildConfigurationList = 140D39E42BD93FF10036DBAE /* Build configuration list for PBXNativeTarget "Timeli" */;
			buildPhases = (
				140D39D12BD93FF00036DBAE /* Sources */,
				140D39D22BD93FF00036DBAE /* Frameworks */,
				140D39D32BD93FF00036DBAE /* Resources */,
			);
			buildRules = (
			);
			dependencies = (
			);
			name = Timeli;
			packageProductDependencies = (
				140D39F42BD943010036DBAE /* Markdown */,
			);
			productName = Timeli;
			productReference = 140D39D52BD93FF00036DBAE /* Timeli.app */;
			productType = "com.apple.product-type.application";
		};
/* End PBXNativeTarget section */

/* Begin PBXProject section */
		140D39CD2BD93FF00036DBAE /* Project object */ = {
			isa = PBXProject;
			attributes = {
				BuildIndependentTargetsInParallel = 1;
				LastSwiftUpdateCheck = 1530;
				LastUpgradeCheck = 1530;
				TargetAttributes = {
					140D39D42BD93FF00036DBAE = {
						CreatedOnToolsVersion = 15.3;
					};
				};
			};
			buildConfigurationList = 140D39D02BD93FF00036DBAE /* Build configuration list for PBXProject "Timeli" */;
			compatibilityVersion = "Xcode 14.0";
			developmentRegion = en;
			hasScannedForEncodings = 0;
			knownRegions = (
				en,
				Base,
			);
			mainGroup = 140D39CC2BD93FF00036DBAE;
			packageReferences = (
				140D39F32BD943010036DBAE /* XCRemoteSwiftPackageReference "swiftui-markdown" */,
			);
			productRefGroup = 140D39D62BD93FF00036DBAE /* Products */;
			projectDirPath = "";
			projectRoot = "";
			targets = (
				140D39D42BD93FF00036DBAE /* Timeli */,
			);
		};
/* End PBXProject section */

/* Begin PBXResourcesBuildPhase section */
		140D39D32BD93FF00036DBAE /* Resources */ = {
			isa = PBXResourcesBuildPhase;
			buildActionMask = 2147483647;
			files = (
				140D39E12BD93FF10036DBAE /* Preview Assets.xcassets in Resources */,
				140D39DD2BD93FF10036DBAE /* Assets.xcassets in Resources */,
			);
			runOnlyForDeploymentPostprocessing = 0;
		};
/* End PBXResourcesBuildPhase section */

/* Begin PBXSourcesBuildPhase section */
		140D39D12BD93FF00036DBAE /* Sources */ = {
			isa = PBXSourcesBuildPhase;
			buildActionMask = 2147483647;
			files = (
				140D39DB2BD93FF00036DBAE /* ContentView.swift in Sources */,
				14175BEB2BE02F9E00F775A7 /* ReminderItemView.swift in Sources */,
				14DF95062BDB02520091CFAF /* ToDoItemView.swift in Sources */,
				140D39D92BD93FF00036DBAE /* TimeliApp.swift in Sources */,
				14DF95042BDB02450091CFAF /* NewToDoItemView.swift in Sources */,
				140D39F22BD941960036DBAE /* ToDoView.swift in Sources */,
				14175BE72BE0289800F775A7 /* RemindersModel.swift in Sources */,
				140D39EC2BD940D20036DBAE /* SetUpTImeli.swift in Sources */,
				140D39EA2BD940A00036DBAE /* NotesView.swift in Sources */,
				140D39F92BD94C100036DBAE /* SettingsView.swift in Sources */,
				845150EC2BDAE61200D9DDA2 /* autoSave.swift in Sources */,
				140D39EE2BD9412E0036DBAE /* TabViewButton.swift in Sources */,
				140D39E82BD9406E0036DBAE /* NotesModel.swift in Sources */,
				14175BE92BE02AEE00F775A7 /* NewReminderView.swift in Sources */,
				140D39F02BD941630036DBAE /* TabViewerView.swift in Sources */,
				14057B592BE1DC10000CBD8B /* RectModifierView.swift in Sources */,
				140D39F72BD94BB90036DBAE /* RemindersView.swift in Sources */,
				8436B1E72BE2C73C001ADFC9 /* ContentModel.swift in Sources */,
			);
			runOnlyForDeploymentPostprocessing = 0;
		};
/* End PBXSourcesBuildPhase section */

/* Begin XCBuildConfiguration section */
		140D39E22BD93FF10036DBAE /* Debug */ = {
			isa = XCBuildConfiguration;
			buildSettings = {
				ALWAYS_SEARCH_USER_PATHS = NO;
				ASSETCATALOG_COMPILER_GENERATE_SWIFT_ASSET_SYMBOL_EXTENSIONS = YES;
				CLANG_ANALYZER_NONNULL = YES;
				CLANG_ANALYZER_NUMBER_OBJECT_CONVERSION = YES_AGGRESSIVE;
				CLANG_CXX_LANGUAGE_STANDARD = "gnu++20";
				CLANG_ENABLE_MODULES = YES;
				CLANG_ENABLE_OBJC_ARC = YES;
				CLANG_ENABLE_OBJC_WEAK = YES;
				CLANG_WARN_BLOCK_CAPTURE_AUTORELEASING = YES;
				CLANG_WARN_BOOL_CONVERSION = YES;
				CLANG_WARN_COMMA = YES;
				CLANG_WARN_CONSTANT_CONVERSION = YES;
				CLANG_WARN_DEPRECATED_OBJC_IMPLEMENTATIONS = YES;
				CLANG_WARN_DIRECT_OBJC_ISA_USAGE = YES_ERROR;
				CLANG_WARN_DOCUMENTATION_COMMENTS = YES;
				CLANG_WARN_EMPTY_BODY = YES;
				CLANG_WARN_ENUM_CONVERSION = YES;
				CLANG_WARN_INFINITE_RECURSION = YES;
				CLANG_WARN_INT_CONVERSION = YES;
				CLANG_WARN_NON_LITERAL_NULL_CONVERSION = YES;
				CLANG_WARN_OBJC_IMPLICIT_RETAIN_SELF = YES;
				CLANG_WARN_OBJC_LITERAL_CONVERSION = YES;
				CLANG_WARN_OBJC_ROOT_CLASS = YES_ERROR;
				CLANG_WARN_QUOTED_INCLUDE_IN_FRAMEWORK_HEADER = YES;
				CLANG_WARN_RANGE_LOOP_ANALYSIS = YES;
				CLANG_WARN_STRICT_PROTOTYPES = YES;
				CLANG_WARN_SUSPICIOUS_MOVE = YES;
				CLANG_WARN_UNGUARDED_AVAILABILITY = YES_AGGRESSIVE;
				CLANG_WARN_UNREACHABLE_CODE = YES;
				CLANG_WARN__DUPLICATE_METHOD_MATCH = YES;
				COPY_PHASE_STRIP = NO;
				DEBUG_INFORMATION_FORMAT = dwarf;
				ENABLE_STRICT_OBJC_MSGSEND = YES;
				ENABLE_TESTABILITY = YES;
				ENABLE_USER_SCRIPT_SANDBOXING = YES;
				GCC_C_LANGUAGE_STANDARD = gnu17;
				GCC_DYNAMIC_NO_PIC = NO;
				GCC_NO_COMMON_BLOCKS = YES;
				GCC_OPTIMIZATION_LEVEL = 0;
				GCC_PREPROCESSOR_DEFINITIONS = (
					"DEBUG=1",
					"$(inherited)",
				);
				GCC_WARN_64_TO_32_BIT_CONVERSION = YES;
				GCC_WARN_ABOUT_RETURN_TYPE = YES_ERROR;
				GCC_WARN_UNDECLARED_SELECTOR = YES;
				GCC_WARN_UNINITIALIZED_AUTOS = YES_AGGRESSIVE;
				GCC_WARN_UNUSED_FUNCTION = YES;
				GCC_WARN_UNUSED_VARIABLE = YES;
				LOCALIZATION_PREFERS_STRING_CATALOGS = YES;
				MTL_ENABLE_DEBUG_INFO = INCLUDE_SOURCE;
				MTL_FAST_MATH = YES;
				ONLY_ACTIVE_ARCH = YES;
				SWIFT_ACTIVE_COMPILATION_CONDITIONS = "DEBUG $(inherited)";
				SWIFT_OPTIMIZATION_LEVEL = "-Onone";
			};
			name = Debug;
		};
		140D39E32BD93FF10036DBAE /* Release */ = {
			isa = XCBuildConfiguration;
			buildSettings = {
				ALWAYS_SEARCH_USER_PATHS = NO;
				ASSETCATALOG_COMPILER_GENERATE_SWIFT_ASSET_SYMBOL_EXTENSIONS = YES;
				CLANG_ANALYZER_NONNULL = YES;
				CLANG_ANALYZER_NUMBER_OBJECT_CONVERSION = YES_AGGRESSIVE;
				CLANG_CXX_LANGUAGE_STANDARD = "gnu++20";
				CLANG_ENABLE_MODULES = YES;
				CLANG_ENABLE_OBJC_ARC = YES;
				CLANG_ENABLE_OBJC_WEAK = YES;
				CLANG_WARN_BLOCK_CAPTURE_AUTORELEASING = YES;
				CLANG_WARN_BOOL_CONVERSION = YES;
				CLANG_WARN_COMMA = YES;
				CLANG_WARN_CONSTANT_CONVERSION = YES;
				CLANG_WARN_DEPRECATED_OBJC_IMPLEMENTATIONS = YES;
				CLANG_WARN_DIRECT_OBJC_ISA_USAGE = YES_ERROR;
				CLANG_WARN_DOCUMENTATION_COMMENTS = YES;
				CLANG_WARN_EMPTY_BODY = YES;
				CLANG_WARN_ENUM_CONVERSION = YES;
				CLANG_WARN_INFINITE_RECURSION = YES;
				CLANG_WARN_INT_CONVERSION = YES;
				CLANG_WARN_NON_LITERAL_NULL_CONVERSION = YES;
				CLANG_WARN_OBJC_IMPLICIT_RETAIN_SELF = YES;
				CLANG_WARN_OBJC_LITERAL_CONVERSION = YES;
				CLANG_WARN_OBJC_ROOT_CLASS = YES_ERROR;
				CLANG_WARN_QUOTED_INCLUDE_IN_FRAMEWORK_HEADER = YES;
				CLANG_WARN_RANGE_LOOP_ANALYSIS = YES;
				CLANG_WARN_STRICT_PROTOTYPES = YES;
				CLANG_WARN_SUSPICIOUS_MOVE = YES;
				CLANG_WARN_UNGUARDED_AVAILABILITY = YES_AGGRESSIVE;
				CLANG_WARN_UNREACHABLE_CODE = YES;
				CLANG_WARN__DUPLICATE_METHOD_MATCH = YES;
				COPY_PHASE_STRIP = NO;
				DEBUG_INFORMATION_FORMAT = "dwarf-with-dsym";
				ENABLE_NS_ASSERTIONS = NO;
				ENABLE_STRICT_OBJC_MSGSEND = YES;
				ENABLE_USER_SCRIPT_SANDBOXING = YES;
				GCC_C_LANGUAGE_STANDARD = gnu17;
				GCC_NO_COMMON_BLOCKS = YES;
				GCC_WARN_64_TO_32_BIT_CONVERSION = YES;
				GCC_WARN_ABOUT_RETURN_TYPE = YES_ERROR;
				GCC_WARN_UNDECLARED_SELECTOR = YES;
				GCC_WARN_UNINITIALIZED_AUTOS = YES_AGGRESSIVE;
				GCC_WARN_UNUSED_FUNCTION = YES;
				GCC_WARN_UNUSED_VARIABLE = YES;
				LOCALIZATION_PREFERS_STRING_CATALOGS = YES;
				MTL_ENABLE_DEBUG_INFO = NO;
				MTL_FAST_MATH = YES;
				SWIFT_COMPILATION_MODE = wholemodule;
			};
			name = Release;
		};
		140D39E52BD93FF10036DBAE /* Debug */ = {
			isa = XCBuildConfiguration;
			buildSettings = {
				ASSETCATALOG_COMPILER_APPICON_NAME = AppIcon;
				ASSETCATALOG_COMPILER_GLOBAL_ACCENT_COLOR_NAME = AccentColor;
				CODE_SIGN_ENTITLEMENTS = Timeli/Timeli.entitlements;
				CODE_SIGN_STYLE = Automatic;
				CURRENT_PROJECT_VERSION = 1;
				DEVELOPMENT_ASSET_PATHS = "\"Timeli/Preview Content\"";
				DEVELOPMENT_TEAM = JP32Y2D6YY;
				ENABLE_PREVIEWS = YES;
				GENERATE_INFOPLIST_FILE = YES;
				INFOPLIST_KEY_CFBundleDisplayName = Timeli;
				"INFOPLIST_KEY_UIApplicationSceneManifest_Generation[sdk=iphoneos*]" = YES;
				"INFOPLIST_KEY_UIApplicationSceneManifest_Generation[sdk=iphonesimulator*]" = YES;
				"INFOPLIST_KEY_UIApplicationSupportsIndirectInputEvents[sdk=iphoneos*]" = YES;
				"INFOPLIST_KEY_UIApplicationSupportsIndirectInputEvents[sdk=iphonesimulator*]" = YES;
				"INFOPLIST_KEY_UILaunchScreen_Generation[sdk=iphoneos*]" = YES;
				"INFOPLIST_KEY_UILaunchScreen_Generation[sdk=iphonesimulator*]" = YES;
				"INFOPLIST_KEY_UIStatusBarStyle[sdk=iphoneos*]" = UIStatusBarStyleDefault;
				"INFOPLIST_KEY_UIStatusBarStyle[sdk=iphonesimulator*]" = UIStatusBarStyleDefault;
				INFOPLIST_KEY_UISupportedInterfaceOrientations_iPad = "UIInterfaceOrientationPortrait UIInterfaceOrientationPortraitUpsideDown UIInterfaceOrientationLandscapeLeft UIInterfaceOrientationLandscapeRight";
				INFOPLIST_KEY_UISupportedInterfaceOrientations_iPhone = "UIInterfaceOrientationPortrait UIInterfaceOrientationLandscapeLeft UIInterfaceOrientationLandscapeRight";
				IPHONEOS_DEPLOYMENT_TARGET = 17.0;
				LD_RUNPATH_SEARCH_PATHS = "@executable_path/Frameworks";
				"LD_RUNPATH_SEARCH_PATHS[sdk=macosx*]" = "@executable_path/../Frameworks";
				MACOSX_DEPLOYMENT_TARGET = 14.2;
				MARKETING_VERSION = 1.0;
				PRODUCT_BUNDLE_IDENTIFIER = com.abitsov.Timeli;
				PRODUCT_NAME = "$(TARGET_NAME)";
				SDKROOT = auto;
				SUPPORTED_PLATFORMS = "iphoneos iphonesimulator";
				SUPPORTS_MACCATALYST = NO;
				SWIFT_EMIT_LOC_STRINGS = YES;
				SWIFT_VERSION = 5.0;
				TARGETED_DEVICE_FAMILY = "1,2";
			};
			name = Debug;
		};
		140D39E62BD93FF10036DBAE /* Release */ = {
			isa = XCBuildConfiguration;
			buildSettings = {
				ASSETCATALOG_COMPILER_APPICON_NAME = AppIcon;
				ASSETCATALOG_COMPILER_GLOBAL_ACCENT_COLOR_NAME = AccentColor;
				CODE_SIGN_ENTITLEMENTS = Timeli/Timeli.entitlements;
				CODE_SIGN_STYLE = Automatic;
				CURRENT_PROJECT_VERSION = 1;
				DEVELOPMENT_ASSET_PATHS = "\"Timeli/Preview Content\"";
				DEVELOPMENT_TEAM = JP32Y2D6YY;
				ENABLE_PREVIEWS = YES;
				GENERATE_INFOPLIST_FILE = YES;
				INFOPLIST_KEY_CFBundleDisplayName = Timeli;
				"INFOPLIST_KEY_UIApplicationSceneManifest_Generation[sdk=iphoneos*]" = YES;
				"INFOPLIST_KEY_UIApplicationSceneManifest_Generation[sdk=iphonesimulator*]" = YES;
				"INFOPLIST_KEY_UIApplicationSupportsIndirectInputEvents[sdk=iphoneos*]" = YES;
				"INFOPLIST_KEY_UIApplicationSupportsIndirectInputEvents[sdk=iphonesimulator*]" = YES;
				"INFOPLIST_KEY_UILaunchScreen_Generation[sdk=iphoneos*]" = YES;
				"INFOPLIST_KEY_UILaunchScreen_Generation[sdk=iphonesimulator*]" = YES;
				"INFOPLIST_KEY_UIStatusBarStyle[sdk=iphoneos*]" = UIStatusBarStyleDefault;
				"INFOPLIST_KEY_UIStatusBarStyle[sdk=iphonesimulator*]" = UIStatusBarStyleDefault;
				INFOPLIST_KEY_UISupportedInterfaceOrientations_iPad = "UIInterfaceOrientationPortrait UIInterfaceOrientationPortraitUpsideDown UIInterfaceOrientationLandscapeLeft UIInterfaceOrientationLandscapeRight";
				INFOPLIST_KEY_UISupportedInterfaceOrientations_iPhone = "UIInterfaceOrientationPortrait UIInterfaceOrientationLandscapeLeft UIInterfaceOrientationLandscapeRight";
				IPHONEOS_DEPLOYMENT_TARGET = 17.0;
				LD_RUNPATH_SEARCH_PATHS = "@executable_path/Frameworks";
				"LD_RUNPATH_SEARCH_PATHS[sdk=macosx*]" = "@executable_path/../Frameworks";
				MACOSX_DEPLOYMENT_TARGET = 14.2;
				MARKETING_VERSION = 1.0;
				PRODUCT_BUNDLE_IDENTIFIER = com.abitsov.Timeli;
				PRODUCT_NAME = "$(TARGET_NAME)";
				SDKROOT = auto;
				SUPPORTED_PLATFORMS = "iphoneos iphonesimulator";
				SUPPORTS_MACCATALYST = NO;
				SWIFT_EMIT_LOC_STRINGS = YES;
				SWIFT_VERSION = 5.0;
				TARGETED_DEVICE_FAMILY = "1,2";
			};
			name = Release;
		};
/* End XCBuildConfiguration section */

/* Begin XCConfigurationList section */
		140D39D02BD93FF00036DBAE /* Build configuration list for PBXProject "Timeli" */ = {
			isa = XCConfigurationList;
			buildConfigurations = (
				140D39E22BD93FF10036DBAE /* Debug */,
				140D39E32BD93FF10036DBAE /* Release */,
			);
			defaultConfigurationIsVisible = 0;
			defaultConfigurationName = Release;
		};
		140D39E42BD93FF10036DBAE /* Build configuration list for PBXNativeTarget "Timeli" */ = {
			isa = XCConfigurationList;
			buildConfigurations = (
				140D39E52BD93FF10036DBAE /* Debug */,
				140D39E62BD93FF10036DBAE /* Release */,
			);
			defaultConfigurationIsVisible = 0;
			defaultConfigurationName = Release;
		};
/* End XCConfigurationList section */

/* Begin XCRemoteSwiftPackageReference section */
		140D39F32BD943010036DBAE /* XCRemoteSwiftPackageReference "swiftui-markdown" */ = {
			isa = XCRemoteSwiftPackageReference;
			repositoryURL = "https://github.com/jaywcjlove/swiftui-markdown";
			requirement = {
				branch = main;
				kind = branch;
			};
		};
/* End XCRemoteSwiftPackageReference section */

/* Begin XCSwiftPackageProductDependency section */
		140D39F42BD943010036DBAE /* Markdown */ = {
			isa = XCSwiftPackageProductDependency;
			package = 140D39F32BD943010036DBAE /* XCRemoteSwiftPackageReference "swiftui-markdown" */;
			productName = Markdown;
		};
/* End XCSwiftPackageProductDependency section */
	};
	rootObject = 140D39CD2BD93FF00036DBAE /* Project object */;
}
